#MicroXplorer Configuration settings - do not modify
File.Version=6
GPIO.groupedBy=Group By Peripherals
I2C3.I2C_Speed_Mode=I2C_Standard
I2C3.IPParameters=Timing,I2C_Speed_Mode
I2C3.Timing=0x10909CEC
KeepUserPlacement=false
Mcu.Family=STM32L4
Mcu.IP0=I2C3
Mcu.IP1=NVIC
Mcu.IP10=USART1
Mcu.IP11=USB_OTG_FS
Mcu.IP2=QUADSPI
Mcu.IP3=RCC
Mcu.IP4=SAI1
Mcu.IP5=SDMMC1
Mcu.IP6=SPI1
Mcu.IP7=SPI2
Mcu.IP8=SPI3
Mcu.IP9=SYS
Mcu.IPNb=12
Mcu.Name=STM32L475V(C-E-G)Tx
Mcu.Package=LQFP100
Mcu.Pin0=PE2
Mcu.Pin1=PE4
Mcu.Pin10=PC1
Mcu.Pin11=PC3
Mcu.Pin12=PA0
Mcu.Pin13=PA1
Mcu.Pin14=PA5
Mcu.Pin15=PA6
Mcu.Pin16=PA7
Mcu.Pin17=PC5
Mcu.Pin18=PB2
Mcu.Pin19=PE7
Mcu.Pin2=PE5
Mcu.Pin20=PE8
Mcu.Pin21=PE9
Mcu.Pin22=PE10
Mcu.Pin23=PE11
Mcu.Pin24=PE12
Mcu.Pin25=PE13
Mcu.Pin26=PE14
Mcu.Pin27=PE15
Mcu.Pin28=PB13
Mcu.Pin29=PB14
Mcu.Pin3=PE6
Mcu.Pin30=PB15
Mcu.Pin31=PD8
Mcu.Pin32=PD9
Mcu.Pin33=PD10
Mcu.Pin34=PC8
Mcu.Pin35=PC9
Mcu.Pin36=PA9
Mcu.Pin37=PA10
Mcu.Pin38=PA11
Mcu.Pin39=PA12
Mcu.Pin4=PC13
Mcu.Pin40=PA13 (JTMS-SWDIO)
Mcu.Pin41=PA14 (JTCK-SWCLK)
Mcu.Pin42=PA15 (JTDI)
Mcu.Pin43=PC10
Mcu.Pin44=PC11
Mcu.Pin45=PC12
Mcu.Pin46=PD0
Mcu.Pin47=PD1
Mcu.Pin48=PD2
Mcu.Pin49=PD3
Mcu.Pin5=PC14-OSC32_IN (PC14)
Mcu.Pin50=PD4
Mcu.Pin51=PD5
Mcu.Pin52=PD6
Mcu.Pin53=PD7
Mcu.Pin54=PB3 (JTDO-TRACESWO)
Mcu.Pin55=PB4 (NJTRST)
Mcu.Pin56=PB5
Mcu.Pin57=PB6
Mcu.Pin58=PB7
Mcu.Pin59=VP_SYS_VS_tim17
Mcu.Pin6=PC15-OSC32_OUT (PC15)
Mcu.Pin7=PH0-OSC_IN (PH0)
Mcu.Pin8=PH1-OSC_OUT (PH1)
Mcu.Pin9=PC0
Mcu.PinsNb=60
Mcu.ThirdPartyNb=0
Mcu.UserConstants=
Mcu.UserName=STM32L475VETx
MxCube.Version=6.0.1
MxDb.Version=DB.6.0.0
NVIC.BusFault_IRQn=true\:0\:0\:false\:false\:true\:false\:false
NVIC.DebugMonitor_IRQn=true\:0\:0\:false\:false\:true\:false\:false
NVIC.ForceEnableDMAVector=true
NVIC.HardFault_IRQn=true\:0\:0\:false\:false\:true\:false\:false
NVIC.MemoryManagement_IRQn=true\:0\:0\:false\:false\:true\:false\:false
NVIC.NonMaskableInt_IRQn=true\:0\:0\:false\:false\:true\:false\:false
NVIC.PendSV_IRQn=true\:0\:0\:false\:false\:false\:false\:false
NVIC.PriorityGroup=NVIC_PRIORITYGROUP_4
NVIC.SVCall_IRQn=true\:0\:0\:false\:false\:false\:false\:false
NVIC.SysTick_IRQn=true\:0\:0\:false\:false\:false\:false\:false
NVIC.TIM1_TRG_COM_TIM17_IRQn=true\:0\:0\:false\:false\:true\:false\:true
NVIC.TimeBase=TIM1_TRG_COM_TIM17_IRQn
NVIC.TimeBaseIP=TIM17
NVIC.UsageFault_IRQn=true\:0\:0\:false\:false\:true\:false\:false
PA0.GPIOParameters=GPIO_PuPd,GPIO_Label
PA0.GPIO_Label=MOTOR_B
PA0.GPIO_PuPd=GPIO_PULLUP
PA0.Locked=true
PA0.Signal=GPIO_Output
PA1.GPIOParameters=GPIO_PuPd,GPIO_Label
PA1.GPIO_Label=MOTOR_A
PA1.GPIO_PuPd=GPIO_PULLUP
PA1.Locked=true
PA1.Signal=GPIO_Output
PA10.Mode=Asynchronous
PA10.Signal=USART1_RX
PA11.Mode=Device_Only
PA11.Signal=USB_OTG_FS_DM
PA12.Mode=Device_Only
PA12.Signal=USB_OTG_FS_DP
PA13\ (JTMS-SWDIO).Mode=Serial_Wire
PA13\ (JTMS-SWDIO).Signal=SYS_JTMS-SWDIO
PA14\ (JTCK-SWCLK).Mode=Serial_Wire
PA14\ (JTCK-SWCLK).Signal=SYS_JTCK-SWCLK
PA15\ (JTDI).GPIOParameters=GPIO_PuPd,GPIO_Label
PA15\ (JTDI).GPIO_Label=AUDIO_PWR
PA15\ (JTDI).GPIO_PuPd=GPIO_PULLUP
PA15\ (JTDI).Locked=true
PA15\ (JTDI).Signal=GPIO_Output
PA5.GPIOParameters=GPIO_Label
PA5.GPIO_Label=SD_CLK
PA5.Mode=Full_Duplex_Master
PA5.Signal=SPI1_SCK
PA6.GPIOParameters=GPIO_Label
PA6.GPIO_Label=SD_MISO
PA6.Mode=Full_Duplex_Master
PA6.Signal=SPI1_MISO
PA7.GPIOParameters=GPIO_Label
PA7.GPIO_Label=SD_MOSI
PA7.Mode=Full_Duplex_Master
PA7.Signal=SPI1_MOSI
PA9.Mode=Asynchronous
PA9.Signal=USART1_TX
PB13.GPIOParameters=GPIO_PuPd,GPIO_Label
PB13.GPIO_Label=NRF_CLK
PB13.GPIO_PuPd=GPIO_PULLUP
PB13.Locked=true
PB13.Mode=Full_Duplex_Master
PB13.Signal=SPI2_SCK
PB14.GPIOParameters=GPIO_PuPd,GPIO_Label
PB14.GPIO_Label=NRF_MISO
PB14.GPIO_PuPd=GPIO_PULLUP
PB14.Locked=true
PB14.Mode=Full_Duplex_Master
PB14.Signal=SPI2_MISO
PB15.GPIOParameters=GPIO_PuPd,GPIO_Label
PB15.GPIO_Label=NRF_MOSI
PB15.GPIO_PuPd=GPIO_PULLUP
PB15.Mode=Full_Duplex_Master
PB15.Signal=SPI2_MOSI
PB2.GPIOParameters=GPIO_PuPd,GPIO_Label
PB2.GPIO_Label=BEEP
PB2.GPIO_PuPd=GPIO_PULLUP
PB2.Locked=true
PB2.Signal=GPIO_Output
PB3\ (JTDO-TRACESWO).GPIOParameters=GPIO_Label
PB3\ (JTDO-TRACESWO).GPIO_Label=LCD_CLK
PB3\ (JTDO-TRACESWO).Locked=true
PB3\ (JTDO-TRACESWO).Mode=Simplex_Bidirectional_Master
PB3\ (JTDO-TRACESWO).Signal=SPI3_SCK
PB4\ (NJTRST).GPIOParameters=GPIO_PuPd,GPIO_Label
PB4\ (NJTRST).GPIO_Label=LCD_WR
PB4\ (NJTRST).GPIO_PuPd=GPIO_PULLUP
PB4\ (NJTRST).Locked=true
PB4\ (NJTRST).Signal=GPIO_Output
PB5.GPIOParameters=GPIO_Label
PB5.GPIO_Label=LCD_SDA
PB5.Locked=true
PB5.Mode=Simplex_Bidirectional_Master
PB5.Signal=SPI3_MOSI
PB6.GPIOParameters=GPIO_PuPd,GPIO_Label
PB6.GPIO_Label=LCD_RST
PB6.GPIO_PuPd=GPIO_PULLUP
PB6.Locked=true
PB6.Signal=GPIO_Output
PB7.GPIOParameters=GPIO_PuPd,GPIO_Label
PB7.GPIO_Label=LCD_PWR
PB7.GPIO_PuPd=GPIO_PULLUP
PB7.Locked=true
PB7.Signal=GPIO_Output
PC0.Mode=I2C
PC0.Signal=I2C3_SCL
PC1.Mode=I2C
PC1.Signal=I2C3_SDA
PC10.Mode=SD_4_bits_Wide_bus
PC10.Signal=SDMMC1_D2
PC11.Mode=SD_4_bits_Wide_bus
PC11.Signal=SDMMC1_D3
PC12.Mode=SD_4_bits_Wide_bus
PC12.Signal=SDMMC1_CK
PC13.Locked=true
PC13.Mode=SYS_WakeUp1
PC13.Signal=SYS_WKUP2
PC14-OSC32_IN\ (PC14).Mode=LSE-External-Oscillator
PC14-OSC32_IN\ (PC14).Signal=RCC_OSC32_IN
PC15-OSC32_OUT\ (PC15).Mode=LSE-External-Oscillator
PC15-OSC32_OUT\ (PC15).Signal=RCC_OSC32_OUT
PC3.GPIOParameters=PinState,GPIO_PuPd,GPIO_Label
PC3.GPIO_Label=SD_CS
PC3.GPIO_PuPd=GPIO_PULLUP
PC3.Locked=true
PC3.PinState=GPIO_PIN_SET
PC3.Signal=GPIO_Output
PC5.GPIOParameters=GPIO_PuPd,GPIO_Label
PC5.GPIO_Label=WIFI_INT
PC5.GPIO_PuPd=GPIO_PULLUP
PC5.Locked=true
PC5.Signal=GPIO_Output
PC8.Mode=SD_4_bits_Wide_bus
PC8.Signal=SDMMC1_D0
PC9.Mode=SD_4_bits_Wide_bus
PC9.Signal=SDMMC1_D1
PD0.GPIOParameters=GPIO_PuPd,GPIO_Label
PD0.GPIO_Label=ICM_INT
PD0.GPIO_PuPd=GPIO_PULLUP
PD0.Locked=true
PD0.Signal=GPXTI0
PD1.GPIOParameters=GPIO_Label
PD1.GPIO_Label=WIFI_REG_ON
PD1.Locked=true
PD1.Signal=GPIO_Output
PD10.GPIOParameters=GPIO_PuPd,GPIO_Label
PD10.GPIO_Label=BTN_zero
PD10.GPIO_PuPd=GPIO_PULLUP
PD10.Locked=true
PD10.Signal=GPIO_Input
PD2.Mode=SD_4_bits_Wide_bus
PD2.Signal=SDMMC1_CMD
PD3.GPIOParameters=GPIO_PuPd,GPIO_Label,GPIO_ModeDefaultEXTI
PD3.GPIO_Label=NRF_IRQ
PD3.GPIO_ModeDefaultEXTI=GPIO_MODE_IT_FALLING
PD3.GPIO_PuPd=GPIO_PULLUP
PD3.Locked=true
PD3.Signal=GPXTI3
PD4.GPIOParameters=GPIO_Label
PD4.GPIO_Label=NRF_CE
PD4.Locked=true
PD4.Signal=GPIO_Output
PD5.GPIOParameters=PinState,GPIO_PuPd,GPIO_Label
PD5.GPIO_Label=NRF_CS
PD5.GPIO_PuPd=GPIO_PULLUP
PD5.Locked=true
PD5.PinState=GPIO_PIN_SET
PD5.Signal=GPIO_Output
PD6.GPIOParameters=GPIO_Speed,PinState,GPIO_PuPd,GPIO_Label
PD6.GPIO_Label=AHT10_IIC_CLK
PD6.GPIO_PuPd=GPIO_PULLUP
PD6.GPIO_Speed=GPIO_SPEED_FREQ_VERY_HIGH
PD6.Locked=true
PD6.PinState=GPIO_PIN_SET
PD6.Signal=GPIO_Output
PD7.GPIOParameters=PinState,GPIO_PuPd,GPIO_Label
PD7.GPIO_Label=LCD_CS
PD7.GPIO_PuPd=GPIO_PULLUP
PD7.Locked=true
PD7.PinState=GPIO_PIN_SET
PD7.Signal=GPIO_Output
PD8.GPIOParameters=GPIO_PuPd,GPIO_Label
PD8.GPIO_Label=BTN_two
PD8.GPIO_PuPd=GPIO_PULLUP
PD8.Locked=true
PD8.Signal=GPIO_Input
PD9.GPIOParameters=GPIO_PuPd,GPIO_Label
PD9.GPIO_Label=BTN_one
PD9.GPIO_PuPd=GPIO_PULLUP
PD9.Locked=true
PD9.Signal=GPIO_Input
PE10.Mode=Single Bank
PE10.Signal=QUADSPI_CLK
PE11.Mode=Single Bank
PE11.Signal=QUADSPI_NCS
PE12.Mode=Single Bank
PE12.Signal=QUADSPI_BK1_IO0
PE13.Mode=Single Bank
PE13.Signal=QUADSPI_BK1_IO1
PE14.Mode=Single Bank
PE14.Signal=QUADSPI_BK1_IO2
PE15.Locked=true
PE15.Mode=Single Bank
PE15.Signal=QUADSPI_BK1_IO3
PE2.Locked=true
PE2.Mode=SAI_A_MasterWithClock
PE2.Signal=SAI1_MCLK_A
PE4.Mode=SAI_A_MasterWithClock
PE4.Signal=SAI1_FS_A
PE5.Mode=SAI_A_MasterWithClock
PE5.Signal=SAI1_SCK_A
PE6.Mode=SAI_A_MasterWithClock
PE6.Signal=SAI1_SD_A
PE7.GPIOParameters=PinState,GPIO_PuPd,GPIO_Label
PE7.GPIO_Label=LED_red
PE7.GPIO_PuPd=GPIO_PULLUP
PE7.Locked=true
PE7.PinState=GPIO_PIN_SET
PE7.Signal=GPIO_Output
PE8.GPIOParameters=PinState,GPIO_PuPd,GPIO_Label,GPIO_ModeDefaultOutputPP
PE8.GPIO_Label=LED_green
PE8.GPIO_ModeDefaultOutputPP=GPIO_MODE_OUTPUT_PP
PE8.GPIO_PuPd=GPIO_PULLUP
PE8.Locked=true
PE8.PinState=GPIO_PIN_SET
PE8.Signal=GPIO_Output
PE9.GPIOParameters=PinState,GPIO_PuPd,GPIO_Label
PE9.GPIO_Label=LED_blue
PE9.GPIO_PuPd=GPIO_PULLUP
PE9.Locked=true
PE9.PinState=GPIO_PIN_SET
PE9.Signal=GPIO_Output
PH0-OSC_IN\ (PH0).Mode=HSE-External-Oscillator
PH0-OSC_IN\ (PH0).Signal=RCC_OSC_IN
PH1-OSC_OUT\ (PH1).Mode=HSE-External-Oscillator
PH1-OSC_OUT\ (PH1).Signal=RCC_OSC_OUT
PinOutPanel.RotationAngle=0
ProjectManager.AskForMigrate=true
ProjectManager.BackupPrevious=false
ProjectManager.CompilerOptimize=6
ProjectManager.ComputerToolchain=false
ProjectManager.CoupleFile=true
ProjectManager.CustomerFirmwarePackage=
ProjectManager.DefaultFWLocation=true
ProjectManager.DeletePrevious=true
ProjectManager.DeviceId=STM32L475VETx
ProjectManager.FirmwarePackage=STM32Cube FW_L4 V1.16.0
ProjectManager.FreePins=false
ProjectManager.HalAssertFull=false
ProjectManager.HeapSize=0x200
ProjectManager.KeepUserCode=true
ProjectManager.LastFirmware=true
ProjectManager.LibraryCopy=0
ProjectManager.MainLocation=Core/Src
ProjectManager.NoMain=false
ProjectManager.PreviousToolchain=
ProjectManager.ProjectBuild=false
ProjectManager.ProjectFileName=stm32l475_pandora_rtx.ioc
ProjectManager.ProjectName=stm32l475_pandora_rtx
ProjectManager.RegisterCallBack=
ProjectManager.StackSize=0x400
ProjectManager.TargetToolchain=MDK-ARM V5.27
ProjectManager.ToolChainLocation=
ProjectManager.UnderRoot=false
ProjectManager.functionlistsort=1-MX_GPIO_Init-GPIO-false-HAL-true,2-SystemClock_Config-RCC-false-HAL-false,3-MX_I2C3_Init-I2C3-false-HAL-true,4-MX_QUADSPI_Init-QUADSPI-false-HAL-true,5-MX_SAI1_Init-SAI1-false-HAL-true,6-MX_SDMMC1_SD_Init-SDMMC1-false-HAL-true,7-MX_SPI1_Init-SPI1-false-HAL-true,8-MX_SPI2_Init-SPI2-false-HAL-true,9-MX_SPI3_Init-SPI3-false-HAL-true,10-MX_USART1_UART_Init-USART1-false-HAL-true,11-MX_USB_OTG_FS_PCD_Init-USB_OTG_FS-false-HAL-true
RCC.ADCFreq_Value=48000000
RCC.AHBFreq_Value=80000000
RCC.APB1Freq_Value=80000000
RCC.APB1TimFreq_Value=80000000
RCC.APB2Freq_Value=80000000
RCC.APB2TimFreq_Value=80000000
RCC.CortexFreq_Value=80000000
RCC.DFSDMFreq_Value=80000000
RCC.FCLKCortexFreq_Value=80000000
RCC.FamilyName=M
RCC.HCLKFreq_Value=80000000
RCC.HSE_VALUE=8000000
RCC.HSI_VALUE=16000000
RCC.I2C1Freq_Value=80000000
RCC.I2C2Freq_Value=80000000
RCC.I2C3Freq_Value=80000000
RCC.IPParameters=ADCFreq_Value,AHBFreq_Value,APB1Freq_Value,APB1TimFreq_Value,APB2Freq_Value,APB2TimFreq_Value,CortexFreq_Value,DFSDMFreq_Value,FCLKCortexFreq_Value,FamilyName,HCLKFreq_Value,HSE_VALUE,HSI_VALUE,I2C1Freq_Value,I2C2Freq_Value,I2C3Freq_Value,LPTIM1Freq_Value,LPTIM2Freq_Value,LPUART1Freq_Value,LSCOPinFreq_Value,LSI_VALUE,MCO1PinFreq_Value,MSI_VALUE,PLLN,PLLPoutputFreq_Value,PLLQoutputFreq_Value,PLLRCLKFreq_Value,PLLSAI1N,PLLSAI1PoutputFreq_Value,PLLSAI1QoutputFreq_Value,PLLSAI1RoutputFreq_Value,PLLSAI2PoutputFreq_Value,PLLSAI2RoutputFreq_Value,PLLSourceVirtual,PWRFreq_Value,RNGFreq_Value,SAI1Freq_Value,SAI2Freq_Value,SDMMCFreq_Value,SWPMI1Freq_Value,SYSCLKFreq_VALUE,SYSCLKSource,UART4Freq_Value,UART5Freq_Value,USART1Freq_Value,USART2Freq_Value,USART3Freq_Value,USBFreq_Value,VCOInputFreq_Value,VCOOutputFreq_Value,VCOSAI1OutputFreq_Value,VCOSAI2OutputFreq_Value
RCC.LPTIM1Freq_Value=80000000
RCC.LPTIM2Freq_Value=80000000
RCC.LPUART1Freq_Value=80000000
RCC.LSCOPinFreq_Value=32000
RCC.LSI_VALUE=32000
RCC.MCO1PinFreq_Value=80000000
RCC.MSI_VALUE=4000000
RCC.PLLN=20
RCC.PLLPoutputFreq_Value=22857142.85714286
RCC.PLLQoutputFreq_Value=80000000
RCC.PLLRCLKFreq_Value=80000000
RCC.PLLSAI1N=12
RCC.PLLSAI1PoutputFreq_Value=13714285.714285715
RCC.PLLSAI1QoutputFreq_Value=48000000
RCC.PLLSAI1RoutputFreq_Value=48000000
RCC.PLLSAI2PoutputFreq_Value=9142857.142857144
RCC.PLLSAI2RoutputFreq_Value=32000000
RCC.PLLSourceVirtual=RCC_PLLSOURCE_HSE
RCC.PWRFreq_Value=80000000
RCC.RNGFreq_Value=48000000
RCC.SAI1Freq_Value=13714285.714285715
RCC.SAI2Freq_Value=13714285.714285715
RCC.SDMMCFreq_Value=48000000
RCC.SWPMI1Freq_Value=80000000
RCC.SYSCLKFreq_VALUE=80000000
RCC.SYSCLKSource=RCC_SYSCLKSOURCE_PLLCLK
RCC.UART4Freq_Value=80000000
RCC.UART5Freq_Value=80000000
RCC.USART1Freq_Value=80000000
RCC.USART2Freq_Value=80000000
RCC.USART3Freq_Value=80000000
RCC.USBFreq_Value=48000000
RCC.VCOInputFreq_Value=8000000
RCC.VCOOutputFreq_Value=160000000
RCC.VCOSAI1OutputFreq_Value=96000000
RCC.VCOSAI2OutputFreq_Value=64000000
SAI1.ErrorAudioFreq-SAI_A_MasterWithClock=-81.39 %
SAI1.IPParameters=Instance-SAI_A_MasterWithClock,VirtualMode-SAI_A_MasterWithClock,MClockEnable-SAI_A_MasterWithClock,RealAudioFreq-SAI_A_MasterWithClock,ErrorAudioFreq-SAI_A_MasterWithClock
SAI1.Instance-SAI_A_MasterWithClock=SAI$Index_Block_A
SAI1.MClockEnable-SAI_A_MasterWithClock=SAI_MASTERCLOCK_ENABLE
SAI1.RealAudioFreq-SAI_A_MasterWithClock=35.714 KHz
SAI1.VirtualMode-SAI_A_MasterWithClock=VM_MASTER
SH.GPXTI0.0=GPIO_EXTI0
SH.GPXTI0.ConfNb=1
SH.GPXTI3.0=GPIO_EXTI3
SH.GPXTI3.ConfNb=1
SPI1.CalculateBaudRate=40.0 MBits/s
SPI1.DataSize=SPI_DATASIZE_8BIT
SPI1.Direction=SPI_DIRECTION_2LINES
SPI1.IPParameters=VirtualType,Mode,Direction,CalculateBaudRate,DataSize
SPI1.Mode=SPI_MODE_MASTER
SPI1.VirtualType=VM_MASTER
SPI2.CalculateBaudRate=40.0 MBits/s
SPI2.DataSize=SPI_DATASIZE_8BIT
SPI2.Direction=SPI_DIRECTION_2LINES
SPI2.IPParameters=VirtualType,Mode,Direction,CalculateBaudRate,DataSize
SPI2.Mode=SPI_MODE_MASTER
SPI2.VirtualType=VM_MASTER
SPI3.BaudRatePrescaler=SPI_BAUDRATEPRESCALER_32
SPI3.CLKPhase=SPI_PHASE_2EDGE
SPI3.CalculateBaudRate=2.5 MBits/s
SPI3.DataSize=SPI_DATASIZE_8BIT
SPI3.Direction=SPI_DIRECTION_1LINE
SPI3.IPParameters=VirtualType,Mode,Direction,CalculateBaudRate,DataSize,BaudRatePrescaler,CLKPhase
SPI3.Mode=SPI_MODE_MASTER
SPI3.VirtualType=VM_MASTER
USART1.IPParameters=VirtualMode-Asynchronous
USART1.VirtualMode-Asynchronous=VM_ASYNC
USB_OTG_FS.IPParameters=VirtualMode
USB_OTG_FS.VirtualMode=Device_Only
VP_SYS_VS_tim17.Mode=TIM17
VP_SYS_VS_tim17.Signal=SYS_VS_tim17
board=custom
